
Microsoft Visual Studio Solution File, Format Version 12.00
# Visual Studio 15
VisualStudioVersion = 15.0.28307.757
MinimumVisualStudioVersion = 10.0.40219.1
Project("{FAE04EC0-301F-11D3-BF4B-00C04F79EFBC}") = "QuickSort", "QuickSort\QuickSort.csproj", "{C120609D-47C1-4D08-92BE-10F0971A60C9}"
EndProject
Global
	GlobalSection(SolutionConfigurationPlatforms) = preSolution
		Debug|Any CPU = Debug|Any CPU
		Release|Any CPU = Release|Any CPU
	EndGlobalSection
	GlobalSection(ProjectConfigurationPlatforms) = postSolution
		{C120609D-47C1-4D08-92BE-10F0971A60C9}.Debug|Any CPU.ActiveCfg = Debug|Any CPU
		{C120609D-47C1-4D08-92BE-10F0971A60C9}.Debug|Any CPU.Build.0 = Debug|Any CPU
		{C120609D-47C1-4D08-92BE-10F0971A60C9}.Release|Any CPU.ActiveCfg = Release|Any CPU
		{C120609D-47C1-4D08-92BE-10F0971A60C9}.Release|Any CPU.Build.0 = Release|Any CPU
	EndGlobalSection
	GlobalSection(SolutionProperties) = preSolution
		HideSolutionNode = FALSE
	EndGlobalSection
	GlobalSection(ExtensibilityGlobals) = postSolution
		SolutionGuid = {95F0E64D-F3EB-465E-B643-E1042877760E}
	EndGlobalSection
EndGlobal
