
Microsoft Visual Studio Solution File, Format Version 12.00
# Visual Studio 15
VisualStudioVersion = 15.0.28307.757
MinimumVisualStudioVersion = 10.0.40219.1
Project("{FAE04EC0-301F-11D3-BF4B-00C04F79EFBC}") = "Euclid", "Euclid\Euclid.csproj", "{BDFB4B48-F2B8-40C7-983F-058A20C557A8}"
EndProject
Global
	GlobalSection(SolutionConfigurationPlatforms) = preSolution
		Debug|Any CPU = Debug|Any CPU
		Release|Any CPU = Release|Any CPU
	EndGlobalSection
	GlobalSection(ProjectConfigurationPlatforms) = postSolution
		{BDFB4B48-F2B8-40C7-983F-058A20C557A8}.Debug|Any CPU.ActiveCfg = Debug|Any CPU
		{BDFB4B48-F2B8-40C7-983F-058A20C557A8}.Debug|Any CPU.Build.0 = Debug|Any CPU
		{BDFB4B48-F2B8-40C7-983F-058A20C557A8}.Release|Any CPU.ActiveCfg = Release|Any CPU
		{BDFB4B48-F2B8-40C7-983F-058A20C557A8}.Release|Any CPU.Build.0 = Release|Any CPU
	EndGlobalSection
	GlobalSection(SolutionProperties) = preSolution
		HideSolutionNode = FALSE
	EndGlobalSection
	GlobalSection(ExtensibilityGlobals) = postSolution
		SolutionGuid = {FB1B9F99-9649-4F81-8F69-D400B9C5AC44}
	EndGlobalSection
EndGlobal
