
Microsoft Visual Studio Solution File, Format Version 12.00
# Visual Studio 15
VisualStudioVersion = 15.0.28307.757
MinimumVisualStudioVersion = 10.0.40219.1
Project("{FAE04EC0-301F-11D3-BF4B-00C04F79EFBC}") = "Factorial", "Factorial\Factorial.csproj", "{C2A13866-6AD1-4874-8E96-FFA80C4E0F43}"
EndProject
Global
	GlobalSection(SolutionConfigurationPlatforms) = preSolution
		Debug|Any CPU = Debug|Any CPU
		Release|Any CPU = Release|Any CPU
	EndGlobalSection
	GlobalSection(ProjectConfigurationPlatforms) = postSolution
		{C2A13866-6AD1-4874-8E96-FFA80C4E0F43}.Debug|Any CPU.ActiveCfg = Debug|Any CPU
		{C2A13866-6AD1-4874-8E96-FFA80C4E0F43}.Debug|Any CPU.Build.0 = Debug|Any CPU
		{C2A13866-6AD1-4874-8E96-FFA80C4E0F43}.Release|Any CPU.ActiveCfg = Release|Any CPU
		{C2A13866-6AD1-4874-8E96-FFA80C4E0F43}.Release|Any CPU.Build.0 = Release|Any CPU
	EndGlobalSection
	GlobalSection(SolutionProperties) = preSolution
		HideSolutionNode = FALSE
	EndGlobalSection
	GlobalSection(ExtensibilityGlobals) = postSolution
		SolutionGuid = {416FDA31-9C37-467D-8393-FFEC0AD29932}
	EndGlobalSection
EndGlobal
