
Microsoft Visual Studio Solution File, Format Version 12.00
# Visual Studio 15
VisualStudioVersion = 15.0.28307.757
MinimumVisualStudioVersion = 10.0.40219.1
Project("{FAE04EC0-301F-11D3-BF4B-00C04F79EFBC}") = "Dijkstra", "Dijkstra\Dijkstra.csproj", "{1B5AD1D0-C689-4679-9698-47E3313FE351}"
EndProject
Global
	GlobalSection(SolutionConfigurationPlatforms) = preSolution
		Debug|Any CPU = Debug|Any CPU
		Release|Any CPU = Release|Any CPU
	EndGlobalSection
	GlobalSection(ProjectConfigurationPlatforms) = postSolution
		{1B5AD1D0-C689-4679-9698-47E3313FE351}.Debug|Any CPU.ActiveCfg = Debug|Any CPU
		{1B5AD1D0-C689-4679-9698-47E3313FE351}.Debug|Any CPU.Build.0 = Debug|Any CPU
		{1B5AD1D0-C689-4679-9698-47E3313FE351}.Release|Any CPU.ActiveCfg = Release|Any CPU
		{1B5AD1D0-C689-4679-9698-47E3313FE351}.Release|Any CPU.Build.0 = Release|Any CPU
	EndGlobalSection
	GlobalSection(SolutionProperties) = preSolution
		HideSolutionNode = FALSE
	EndGlobalSection
	GlobalSection(ExtensibilityGlobals) = postSolution
		SolutionGuid = {36D53ED3-DD6E-4F2F-9D0E-985C52428278}
	EndGlobalSection
EndGlobal
