
Microsoft Visual Studio Solution File, Format Version 12.00
# Visual Studio 15
VisualStudioVersion = 15.0.28307.757
MinimumVisualStudioVersion = 10.0.40219.1
Project("{FAE04EC0-301F-11D3-BF4B-00C04F79EFBC}") = "FloydWarsall", "FloydWarsall\FloydWarsall.csproj", "{A41F39EB-0EFC-4AB7-AC70-24F2A15F1DDF}"
EndProject
Global
	GlobalSection(SolutionConfigurationPlatforms) = preSolution
		Debug|Any CPU = Debug|Any CPU
		Release|Any CPU = Release|Any CPU
	EndGlobalSection
	GlobalSection(ProjectConfigurationPlatforms) = postSolution
		{A41F39EB-0EFC-4AB7-AC70-24F2A15F1DDF}.Debug|Any CPU.ActiveCfg = Debug|Any CPU
		{A41F39EB-0EFC-4AB7-AC70-24F2A15F1DDF}.Debug|Any CPU.Build.0 = Debug|Any CPU
		{A41F39EB-0EFC-4AB7-AC70-24F2A15F1DDF}.Release|Any CPU.ActiveCfg = Release|Any CPU
		{A41F39EB-0EFC-4AB7-AC70-24F2A15F1DDF}.Release|Any CPU.Build.0 = Release|Any CPU
	EndGlobalSection
	GlobalSection(SolutionProperties) = preSolution
		HideSolutionNode = FALSE
	EndGlobalSection
	GlobalSection(ExtensibilityGlobals) = postSolution
		SolutionGuid = {6757BDA2-A82E-4320-AEA5-8C550BB7BA96}
	EndGlobalSection
EndGlobal
