
Microsoft Visual Studio Solution File, Format Version 12.00
# Visual Studio Version 16
VisualStudioVersion = 16.0.28803.452
MinimumVisualStudioVersion = 10.0.40219.1
Project("{FAE04EC0-301F-11D3-BF4B-00C04F79EFBC}") = "Hanoi", "Hanoi\Hanoi.csproj", "{0296C86B-5F4D-4D5D-9048-1B9C016CA9AB}"
EndProject
Global
	GlobalSection(SolutionConfigurationPlatforms) = preSolution
		Debug|Any CPU = Debug|Any CPU
		Release|Any CPU = Release|Any CPU
	EndGlobalSection
	GlobalSection(ProjectConfigurationPlatforms) = postSolution
		{0296C86B-5F4D-4D5D-9048-1B9C016CA9AB}.Debug|Any CPU.ActiveCfg = Debug|Any CPU
		{0296C86B-5F4D-4D5D-9048-1B9C016CA9AB}.Debug|Any CPU.Build.0 = Debug|Any CPU
		{0296C86B-5F4D-4D5D-9048-1B9C016CA9AB}.Release|Any CPU.ActiveCfg = Release|Any CPU
		{0296C86B-5F4D-4D5D-9048-1B9C016CA9AB}.Release|Any CPU.Build.0 = Release|Any CPU
	EndGlobalSection
	GlobalSection(SolutionProperties) = preSolution
		HideSolutionNode = FALSE
	EndGlobalSection
	GlobalSection(ExtensibilityGlobals) = postSolution
		SolutionGuid = {ED33AD35-7518-4CD3-9A8C-4182C437972E}
	EndGlobalSection
EndGlobal
