
Microsoft Visual Studio Solution File, Format Version 12.00
# Visual Studio 15
VisualStudioVersion = 15.0.28307.757
MinimumVisualStudioVersion = 10.0.40219.1
Project("{FAE04EC0-301F-11D3-BF4B-00C04F79EFBC}") = "Sorting", "Sorting\Sorting.csproj", "{DC6E7ADA-AE47-4F5A-8549-8E53A704E468}"
EndProject
Global
	GlobalSection(SolutionConfigurationPlatforms) = preSolution
		Debug|Any CPU = Debug|Any CPU
		Release|Any CPU = Release|Any CPU
	EndGlobalSection
	GlobalSection(ProjectConfigurationPlatforms) = postSolution
		{DC6E7ADA-AE47-4F5A-8549-8E53A704E468}.Debug|Any CPU.ActiveCfg = Debug|Any CPU
		{DC6E7ADA-AE47-4F5A-8549-8E53A704E468}.Debug|Any CPU.Build.0 = Debug|Any CPU
		{DC6E7ADA-AE47-4F5A-8549-8E53A704E468}.Release|Any CPU.ActiveCfg = Release|Any CPU
		{DC6E7ADA-AE47-4F5A-8549-8E53A704E468}.Release|Any CPU.Build.0 = Release|Any CPU
	EndGlobalSection
	GlobalSection(SolutionProperties) = preSolution
		HideSolutionNode = FALSE
	EndGlobalSection
	GlobalSection(ExtensibilityGlobals) = postSolution
		SolutionGuid = {8908D7C8-3F84-4368-984A-D7455D57CF61}
	EndGlobalSection
EndGlobal
